
Microsoft Visual Studio Solution File, Format Version 12.00
Project("{FAE04EC0-301F-11D3-BF4B-00C04F79EFBC}") = "Demo.AkkaNet.MessageDelivery", "Demo.AkkaNet.MessageDelivery\Demo.AkkaNet.MessageDelivery.csproj", "{D1807938-9CE6-4113-8A81-50CC90BE3F75}"
EndProject
Global
	GlobalSection(SolutionConfigurationPlatforms) = preSolution
		Debug|Any CPU = Debug|Any CPU
		Release|Any CPU = Release|Any CPU
	EndGlobalSection
	GlobalSection(ProjectConfigurationPlatforms) = postSolution
		{D1807938-9CE6-4113-8A81-50CC90BE3F75}.Debug|Any CPU.ActiveCfg = Debug|Any CPU
		{D1807938-9CE6-4113-8A81-50CC90BE3F75}.Debug|Any CPU.Build.0 = Debug|Any CPU
		{D1807938-9CE6-4113-8A81-50CC90BE3F75}.Release|Any CPU.ActiveCfg = Release|Any CPU
		{D1807938-9CE6-4113-8A81-50CC90BE3F75}.Release|Any CPU.Build.0 = Release|Any CPU
	EndGlobalSection
EndGlobal
