
Microsoft Visual Studio Solution File, Format Version 12.00
Project("{FAE04EC0-301F-11D3-BF4B-00C04F79EFBC}") = "Demo.AkkaNet.Cluster", "Demo.AkkaNet.Cluster\Demo.AkkaNet.Cluster.csproj", "{D2051FC0-86B6-4490-AACD-9FCFB43834BA}"
EndProject
Global
	GlobalSection(SolutionConfigurationPlatforms) = preSolution
		Debug|Any CPU = Debug|Any CPU
		Release|Any CPU = Release|Any CPU
	EndGlobalSection
	GlobalSection(ProjectConfigurationPlatforms) = postSolution
		{D2051FC0-86B6-4490-AACD-9FCFB43834BA}.Debug|Any CPU.ActiveCfg = Debug|Any CPU
		{D2051FC0-86B6-4490-AACD-9FCFB43834BA}.Debug|Any CPU.Build.0 = Debug|Any CPU
		{D2051FC0-86B6-4490-AACD-9FCFB43834BA}.Release|Any CPU.ActiveCfg = Release|Any CPU
		{D2051FC0-86B6-4490-AACD-9FCFB43834BA}.Release|Any CPU.Build.0 = Release|Any CPU
	EndGlobalSection
EndGlobal
